// !$*UTF8*$!
{
	archiveVersion = 1;
	classes = {
	};
	objectVersion = 56;
	objects = {

/* Begin PBXBuildFile section */
		A458B6A42B94606400B8B1F9 /* AppDelegate.swift in Sources */ = {isa = PBXBuildFile; fileRef = A458B6A32B94606400B8B1F9 /* AppDelegate.swift */; };
		A458B6A62B94606400B8B1F9 /* SceneDelegate.swift in Sources */ = {isa = PBXBuildFile; fileRef = A458B6A52B94606400B8B1F9 /* SceneDelegate.swift */; };
		A458B6A82B94606400B8B1F9 /* ViewController.swift in Sources */ = {isa = PBXBuildFile; fileRef = A458B6A72B94606400B8B1F9 /* ViewController.swift */; };
		A458B6AB2B94606400B8B1F9 /* Main.storyboard in Resources */ = {isa = PBXBuildFile; fileRef = A458B6A92B94606400B8B1F9 /* Main.storyboard */; };
		A458B6AD2B94606500B8B1F9 /* Assets.xcassets in Resources */ = {isa = PBXBuildFile; fileRef = A458B6AC2B94606500B8B1F9 /* Assets.xcassets */; };
		A458B6B02B94606500B8B1F9 /* LaunchScreen.storyboard in Resources */ = {isa = PBXBuildFile; fileRef = A458B6AE2B94606500B8B1F9 /* LaunchScreen.storyboard */; };
		A458B6B82B94690500B8B1F9 /* AnasayfaViewModel.swift in Sources */ = {isa = PBXBuildFile; fileRef = A458B6B72B94690500B8B1F9 /* AnasayfaViewModel.swift */; };
		A458B6C72B946F0300B8B1F9 /* RxSwift in Frameworks */ = {isa = PBXBuildFile; productRef = A458B6C62B946F0300B8B1F9 /* RxSwift */; };
		A458B6CF2B94742C00B8B1F9 /* MatRepository.swift in Sources */ = {isa = PBXBuildFile; fileRef = A458B6CE2B94742C00B8B1F9 /* MatRepository.swift */; };
/* End PBXBuildFile section */

/* Begin PBXFileReference section */
		A458B6A02B94606400B8B1F9 /* MVVMKullanimi.app */ = {isa = PBXFileReference; explicitFileType = wrapper.application; includeInIndex = 0; path = MVVMKullanimi.app; sourceTree = BUILT_PRODUCTS_DIR; };
		A458B6A32B94606400B8B1F9 /* AppDelegate.swift */ = {isa = PBXFileReference; lastKnownFileType = sourcecode.swift; path = AppDelegate.swift; sourceTree = "<group>"; };
		A458B6A52B94606400B8B1F9 /* SceneDelegate.swift */ = {isa = PBXFileReference; lastKnownFileType = sourcecode.swift; path = SceneDelegate.swift; sourceTree = "<group>"; };
		A458B6A72B94606400B8B1F9 /* ViewController.swift */ = {isa = PBXFileReference; lastKnownFileType = sourcecode.swift; path = ViewController.swift; sourceTree = "<group>"; };
		A458B6AA2B94606400B8B1F9 /* Base */ = {isa = PBXFileReference; lastKnownFileType = file.storyboard; name = Base; path = Base.lproj/Main.storyboard; sourceTree = "<group>"; };
		A458B6AC2B94606500B8B1F9 /* Assets.xcassets */ = {isa = PBXFileReference; lastKnownFileType = folder.assetcatalog; path = Assets.xcassets; sourceTree = "<group>"; };
		A458B6AF2B94606500B8B1F9 /* Base */ = {isa = PBXFileReference; lastKnownFileType = file.storyboard; name = Base; path = Base.lproj/LaunchScreen.storyboard; sourceTree = "<group>"; };
		A458B6B12B94606500B8B1F9 /* Info.plist */ = {isa = PBXFileReference; lastKnownFileType = text.plist.xml; path = Info.plist; sourceTree = "<group>"; };
		A458B6B72B94690500B8B1F9 /* AnasayfaViewModel.swift */ = {isa = PBXFileReference; lastKnownFileType = sourcecode.swift; path = AnasayfaViewModel.swift; sourceTree = "<group>"; };
		A458B6CE2B94742C00B8B1F9 /* MatRepository.swift */ = {isa = PBXFileReference; lastKnownFileType = sourcecode.swift; path = MatRepository.swift; sourceTree = "<group>"; };
/* End PBXFileReference section */

/* Begin PBXFrameworksBuildPhase section */
		A458B69D2B94606400B8B1F9 /* Frameworks */ = {
			isa = PBXFrameworksBuildPhase;
			buildActionMask = 2147483647;
			files = (
				A458B6C72B946F0300B8B1F9 /* RxSwift in Frameworks */,
			);
			runOnlyForDeploymentPostprocessing = 0;
		};
/* End PBXFrameworksBuildPhase section */

/* Begin PBXGroup section */
		A458B6972B94606400B8B1F9 = {
			isa = PBXGroup;
			children = (
				A458B6A22B94606400B8B1F9 /* MVVMKullanimi */,
				A458B6A12B94606400B8B1F9 /* Products */,
			);
			sourceTree = "<group>";
		};
		A458B6A12B94606400B8B1F9 /* Products */ = {
			isa = PBXGroup;
			children = (
				A458B6A02B94606400B8B1F9 /* MVVMKullanimi.app */,
			);
			name = Products;
			sourceTree = "<group>";
		};
		A458B6A22B94606400B8B1F9 /* MVVMKullanimi */ = {
			isa = PBXGroup;
			children = (
				A458B6A32B94606400B8B1F9 /* AppDelegate.swift */,
				A458B6A52B94606400B8B1F9 /* SceneDelegate.swift */,
				A458B6A72B94606400B8B1F9 /* ViewController.swift */,
				A458B6B72B94690500B8B1F9 /* AnasayfaViewModel.swift */,
				A458B6CE2B94742C00B8B1F9 /* MatRepository.swift */,
				A458B6A92B94606400B8B1F9 /* Main.storyboard */,
				A458B6AC2B94606500B8B1F9 /* Assets.xcassets */,
				A458B6AE2B94606500B8B1F9 /* LaunchScreen.storyboard */,
				A458B6B12B94606500B8B1F9 /* Info.plist */,
			);
			path = MVVMKullanimi;
			sourceTree = "<group>";
		};
/* End PBXGroup section */

/* Begin PBXNativeTarget section */
		A458B69F2B94606400B8B1F9 /* MVVMKullanimi */ = {
			isa = PBXNativeTarget;
			buildConfigurationList = A458B6B42B94606500B8B1F9 /* Build configuration list for PBXNativeTarget "MVVMKullanimi" */;
			buildPhases = (
				A458B69C2B94606400B8B1F9 /* Sources */,
				A458B69D2B94606400B8B1F9 /* Frameworks */,
				A458B69E2B94606400B8B1F9 /* Resources */,
			);
			buildRules = (
			);
			dependencies = (
			);
			name = MVVMKullanimi;
			packageProductDependencies = (
				A458B6C62B946F0300B8B1F9 /* RxSwift */,
			);
			productName = MVVMKullanimi;
			productReference = A458B6A02B94606400B8B1F9 /* MVVMKullanimi.app */;
			productType = "com.apple.product-type.application";
		};
/* End PBXNativeTarget section */

/* Begin PBXProject section */
		A458B6982B94606400B8B1F9 /* Project object */ = {
			isa = PBXProject;
			attributes = {
				BuildIndependentTargetsInParallel = 1;
				LastSwiftUpdateCheck = 1520;
				LastUpgradeCheck = 1520;
				TargetAttributes = {
					A458B69F2B94606400B8B1F9 = {
						CreatedOnToolsVersion = 15.2;
					};
				};
			};
			buildConfigurationList = A458B69B2B94606400B8B1F9 /* Build configuration list for PBXProject "MVVMKullanimi" */;
			compatibilityVersion = "Xcode 14.0";
			developmentRegion = en;
			hasScannedForEncodings = 0;
			knownRegions = (
				en,
				Base,
			);
			mainGroup = A458B6972B94606400B8B1F9;
			packageReferences = (
				A458B6B92B946F0300B8B1F9 /* XCRemoteSwiftPackageReference "RxSwift" */,
			);
			productRefGroup = A458B6A12B94606400B8B1F9 /* Products */;
			projectDirPath = "";
			projectRoot = "";
			targets = (
				A458B69F2B94606400B8B1F9 /* MVVMKullanimi */,
			);
		};
/* End PBXProject section */

/* Begin PBXResourcesBuildPhase section */
		A458B69E2B94606400B8B1F9 /* Resources */ = {
			isa = PBXResourcesBuildPhase;
			buildActionMask = 2147483647;
			files = (
				A458B6B02B94606500B8B1F9 /* LaunchScreen.storyboard in Resources */,
				A458B6AD2B94606500B8B1F9 /* Assets.xcassets in Resources */,
				A458B6AB2B94606400B8B1F9 /* Main.storyboard in Resources */,
			);
			runOnlyForDeploymentPostprocessing = 0;
		};
/* End PBXResourcesBuildPhase section */

/* Begin PBXSourcesBuildPhase section */
		A458B69C2B94606400B8B1F9 /* Sources */ = {
			isa = PBXSourcesBuildPhase;
			buildActionMask = 2147483647;
			files = (
				A458B6A82B94606400B8B1F9 /* ViewController.swift in Sources */,
				A458B6CF2B94742C00B8B1F9 /* MatRepository.swift in Sources */,
				A458B6A42B94606400B8B1F9 /* AppDelegate.swift in Sources */,
				A458B6B82B94690500B8B1F9 /* AnasayfaViewModel.swift in Sources */,
				A458B6A62B94606400B8B1F9 /* SceneDelegate.swift in Sources */,
			);
			runOnlyForDeploymentPostprocessing = 0;
		};
/* End PBXSourcesBuildPhase section */

/* Begin PBXVariantGroup section */
		A458B6A92B94606400B8B1F9 /* Main.storyboard */ = {
			isa = PBXVariantGroup;
			children = (
				A458B6AA2B94606400B8B1F9 /* Base */,
			);
			name = Main.storyboard;
			sourceTree = "<group>";
		};
		A458B6AE2B94606500B8B1F9 /* LaunchScreen.storyboard */ = {
			isa = PBXVariantGroup;
			children = (
				A458B6AF2B94606500B8B1F9 /* Base */,
			);
			name = LaunchScreen.storyboard;
			sourceTree = "<group>";
		};
/* End PBXVariantGroup section */

/* Begin XCBuildConfiguration section */
		A458B6B22B94606500B8B1F9 /* Debug */ = {
			isa = XCBuildConfiguration;
			buildSettings = {
				ALWAYS_SEARCH_USER_PATHS = NO;
				ASSETCATALOG_COMPILER_GENERATE_SWIFT_ASSET_SYMBOL_EXTENSIONS = YES;
				CLANG_ANALYZER_NONNULL = YES;
				CLANG_ANALYZER_NUMBER_OBJECT_CONVERSION = YES_AGGRESSIVE;
				CLANG_CXX_LANGUAGE_STANDARD = "gnu++20";
				CLANG_ENABLE_MODULES = YES;
				CLANG_ENABLE_OBJC_ARC = YES;
				CLANG_ENABLE_OBJC_WEAK = YES;
				CLANG_WARN_BLOCK_CAPTURE_AUTORELEASING = YES;
				CLANG_WARN_BOOL_CONVERSION = YES;
				CLANG_WARN_COMMA = YES;
				CLANG_WARN_CONSTANT_CONVERSION = YES;
				CLANG_WARN_DEPRECATED_OBJC_IMPLEMENTATIONS = YES;
				CLANG_WARN_DIRECT_OBJC_ISA_USAGE = YES_ERROR;
				CLANG_WARN_DOCUMENTATION_COMMENTS = YES;
				CLANG_WARN_EMPTY_BODY = YES;
				CLANG_WARN_ENUM_CONVERSION = YES;
				CLANG_WARN_INFINITE_RECURSION = YES;
				CLANG_WARN_INT_CONVERSION = YES;
				CLANG_WARN_NON_LITERAL_NULL_CONVERSION = YES;
				CLANG_WARN_OBJC_IMPLICIT_RETAIN_SELF = YES;
				CLANG_WARN_OBJC_LITERAL_CONVERSION = YES;
				CLANG_WARN_OBJC_ROOT_CLASS = YES_ERROR;
				CLANG_WARN_QUOTED_INCLUDE_IN_FRAMEWORK_HEADER = YES;
				CLANG_WARN_RANGE_LOOP_ANALYSIS = YES;
				CLANG_WARN_STRICT_PROTOTYPES = YES;
				CLANG_WARN_SUSPICIOUS_MOVE = YES;
				CLANG_WARN_UNGUARDED_AVAILABILITY = YES_AGGRESSIVE;
				CLANG_WARN_UNREACHABLE_CODE = YES;
				CLANG_WARN__DUPLICATE_METHOD_MATCH = YES;
				COPY_PHASE_STRIP = NO;
				DEBUG_INFORMATION_FORMAT = dwarf;
				ENABLE_STRICT_OBJC_MSGSEND = YES;
				ENABLE_TESTABILITY = YES;
				ENABLE_USER_SCRIPT_SANDBOXING = YES;
				GCC_C_LANGUAGE_STANDARD = gnu17;
				GCC_DYNAMIC_NO_PIC = NO;
				GCC_NO_COMMON_BLOCKS = YES;
				GCC_OPTIMIZATION_LEVEL = 0;
				GCC_PREPROCESSOR_DEFINITIONS = (
					"DEBUG=1",
					"$(inherited)",
				);
				GCC_WARN_64_TO_32_BIT_CONVERSION = YES;
				GCC_WARN_ABOUT_RETURN_TYPE = YES_ERROR;
				GCC_WARN_UNDECLARED_SELECTOR = YES;
				GCC_WARN_UNINITIALIZED_AUTOS = YES_AGGRESSIVE;
				GCC_WARN_UNUSED_FUNCTION = YES;
				GCC_WARN_UNUSED_VARIABLE = YES;
				IPHONEOS_DEPLOYMENT_TARGET = 17.2;
				LOCALIZATION_PREFERS_STRING_CATALOGS = YES;
				MTL_ENABLE_DEBUG_INFO = INCLUDE_SOURCE;
				MTL_FAST_MATH = YES;
				ONLY_ACTIVE_ARCH = YES;
				SDKROOT = iphoneos;
				SWIFT_ACTIVE_COMPILATION_CONDITIONS = "DEBUG $(inherited)";
				SWIFT_OPTIMIZATION_LEVEL = "-Onone";
			};
			name = Debug;
		};
		A458B6B32B94606500B8B1F9 /* Release */ = {
			isa = XCBuildConfiguration;
			buildSettings = {
				ALWAYS_SEARCH_USER_PATHS = NO;
				ASSETCATALOG_COMPILER_GENERATE_SWIFT_ASSET_SYMBOL_EXTENSIONS = YES;
				CLANG_ANALYZER_NONNULL = YES;
				CLANG_ANALYZER_NUMBER_OBJECT_CONVERSION = YES_AGGRESSIVE;
				CLANG_CXX_LANGUAGE_STANDARD = "gnu++20";
				CLANG_ENABLE_MODULES = YES;
				CLANG_ENABLE_OBJC_ARC = YES;
				CLANG_ENABLE_OBJC_WEAK = YES;
				CLANG_WARN_BLOCK_CAPTURE_AUTORELEASING = YES;
				CLANG_WARN_BOOL_CONVERSION = YES;
				CLANG_WARN_COMMA = YES;
				CLANG_WARN_CONSTANT_CONVERSION = YES;
				CLANG_WARN_DEPRECATED_OBJC_IMPLEMENTATIONS = YES;
				CLANG_WARN_DIRECT_OBJC_ISA_USAGE = YES_ERROR;
				CLANG_WARN_DOCUMENTATION_COMMENTS = YES;
				CLANG_WARN_EMPTY_BODY = YES;
				CLANG_WARN_ENUM_CONVERSION = YES;
				CLANG_WARN_INFINITE_RECURSION = YES;
				CLANG_WARN_INT_CONVERSION = YES;
				CLANG_WARN_NON_LITERAL_NULL_CONVERSION = YES;
				CLANG_WARN_OBJC_IMPLICIT_RETAIN_SELF = YES;
				CLANG_WARN_OBJC_LITERAL_CONVERSION = YES;
				CLANG_WARN_OBJC_ROOT_CLASS = YES_ERROR;
				CLANG_WARN_QUOTED_INCLUDE_IN_FRAMEWORK_HEADER = YES;
				CLANG_WARN_RANGE_LOOP_ANALYSIS = YES;
				CLANG_WARN_STRICT_PROTOTYPES = YES;
				CLANG_WARN_SUSPICIOUS_MOVE = YES;
				CLANG_WARN_UNGUARDED_AVAILABILITY = YES_AGGRESSIVE;
				CLANG_WARN_UNREACHABLE_CODE = YES;
				CLANG_WARN__DUPLICATE_METHOD_MATCH = YES;
				COPY_PHASE_STRIP = NO;
				DEBUG_INFORMATION_FORMAT = "dwarf-with-dsym";
				ENABLE_NS_ASSERTIONS = NO;
				ENABLE_STRICT_OBJC_MSGSEND = YES;
				ENABLE_USER_SCRIPT_SANDBOXING = YES;
				GCC_C_LANGUAGE_STANDARD = gnu17;
				GCC_NO_COMMON_BLOCKS = YES;
				GCC_WARN_64_TO_32_BIT_CONVERSION = YES;
				GCC_WARN_ABOUT_RETURN_TYPE = YES_ERROR;
				GCC_WARN_UNDECLARED_SELECTOR = YES;
				GCC_WARN_UNINITIALIZED_AUTOS = YES_AGGRESSIVE;
				GCC_WARN_UNUSED_FUNCTION = YES;
				GCC_WARN_UNUSED_VARIABLE = YES;
				IPHONEOS_DEPLOYMENT_TARGET = 17.2;
				LOCALIZATION_PREFERS_STRING_CATALOGS = YES;
				MTL_ENABLE_DEBUG_INFO = NO;
				MTL_FAST_MATH = YES;
				SDKROOT = iphoneos;
				SWIFT_COMPILATION_MODE = wholemodule;
				VALIDATE_PRODUCT = YES;
			};
			name = Release;
		};
		A458B6B52B94606500B8B1F9 /* Debug */ = {
			isa = XCBuildConfiguration;
			buildSettings = {
				ASSETCATALOG_COMPILER_APPICON_NAME = AppIcon;
				ASSETCATALOG_COMPILER_GLOBAL_ACCENT_COLOR_NAME = AccentColor;
				CODE_SIGN_STYLE = Automatic;
				CURRENT_PROJECT_VERSION = 1;
				DEVELOPMENT_TEAM = 8WAJ4W835K;
				GENERATE_INFOPLIST_FILE = YES;
				INFOPLIST_FILE = MVVMKullanimi/Info.plist;
				INFOPLIST_KEY_UIApplicationSupportsIndirectInputEvents = YES;
				INFOPLIST_KEY_UILaunchStoryboardName = LaunchScreen;
				INFOPLIST_KEY_UIMainStoryboardFile = Main;
				INFOPLIST_KEY_UISupportedInterfaceOrientations_iPad = "UIInterfaceOrientationPortrait UIInterfaceOrientationPortraitUpsideDown UIInterfaceOrientationLandscapeLeft UIInterfaceOrientationLandscapeRight";
				INFOPLIST_KEY_UISupportedInterfaceOrientations_iPhone = "UIInterfaceOrientationPortrait UIInterfaceOrientationLandscapeLeft UIInterfaceOrientationLandscapeRight";
				LD_RUNPATH_SEARCH_PATHS = (
					"$(inherited)",
					"@executable_path/Frameworks",
				);
				MARKETING_VERSION = 1.0;
				PRODUCT_BUNDLE_IDENTIFIER = com.omercakar.MVVMKullanimi;
				PRODUCT_NAME = "$(TARGET_NAME)";
				SWIFT_EMIT_LOC_STRINGS = YES;
				SWIFT_VERSION = 5.0;
				TARGETED_DEVICE_FAMILY = "1,2";
			};
			name = Debug;
		};
		A458B6B62B94606500B8B1F9 /* Release */ = {
			isa = XCBuildConfiguration;
			buildSettings = {
				ASSETCATALOG_COMPILER_APPICON_NAME = AppIcon;
				ASSETCATALOG_COMPILER_GLOBAL_ACCENT_COLOR_NAME = AccentColor;
				CODE_SIGN_STYLE = Automatic;
				CURRENT_PROJECT_VERSION = 1;
				DEVELOPMENT_TEAM = 8WAJ4W835K;
				GENERATE_INFOPLIST_FILE = YES;
				INFOPLIST_FILE = MVVMKullanimi/Info.plist;
				INFOPLIST_KEY_UIApplicationSupportsIndirectInputEvents = YES;
				INFOPLIST_KEY_UILaunchStoryboardName = LaunchScreen;
				INFOPLIST_KEY_UIMainStoryboardFile = Main;
				INFOPLIST_KEY_UISupportedInterfaceOrientations_iPad = "UIInterfaceOrientationPortrait UIInterfaceOrientationPortraitUpsideDown UIInterfaceOrientationLandscapeLeft UIInterfaceOrientationLandscapeRight";
				INFOPLIST_KEY_UISupportedInterfaceOrientations_iPhone = "UIInterfaceOrientationPortrait UIInterfaceOrientationLandscapeLeft UIInterfaceOrientationLandscapeRight";
				LD_RUNPATH_SEARCH_PATHS = (
					"$(inherited)",
					"@executable_path/Frameworks",
				);
				MARKETING_VERSION = 1.0;
				PRODUCT_BUNDLE_IDENTIFIER = com.omercakar.MVVMKullanimi;
				PRODUCT_NAME = "$(TARGET_NAME)";
				SWIFT_EMIT_LOC_STRINGS = YES;
				SWIFT_VERSION = 5.0;
				TARGETED_DEVICE_FAMILY = "1,2";
			};
			name = Release;
		};
/* End XCBuildConfiguration section */

/* Begin XCConfigurationList section */
		A458B69B2B94606400B8B1F9 /* Build configuration list for PBXProject "MVVMKullanimi" */ = {
			isa = XCConfigurationList;
			buildConfigurations = (
				A458B6B22B94606500B8B1F9 /* Debug */,
				A458B6B32B94606500B8B1F9 /* Release */,
			);
			defaultConfigurationIsVisible = 0;
			defaultConfigurationName = Release;
		};
		A458B6B42B94606500B8B1F9 /* Build configuration list for PBXNativeTarget "MVVMKullanimi" */ = {
			isa = XCConfigurationList;
			buildConfigurations = (
				A458B6B52B94606500B8B1F9 /* Debug */,
				A458B6B62B94606500B8B1F9 /* Release */,
			);
			defaultConfigurationIsVisible = 0;
			defaultConfigurationName = Release;
		};
/* End XCConfigurationList section */

/* Begin XCRemoteSwiftPackageReference section */
		A458B6B92B946F0300B8B1F9 /* XCRemoteSwiftPackageReference "RxSwift" */ = {
			isa = XCRemoteSwiftPackageReference;
			repositoryURL = "https://github.com/ReactiveX/RxSwift.git";
			requirement = {
				kind = upToNextMajorVersion;
				minimumVersion = 6.6.0;
			};
		};
/* End XCRemoteSwiftPackageReference section */

/* Begin XCSwiftPackageProductDependency section */
		A458B6C62B946F0300B8B1F9 /* RxSwift */ = {
			isa = XCSwiftPackageProductDependency;
			package = A458B6B92B946F0300B8B1F9 /* XCRemoteSwiftPackageReference "RxSwift" */;
			productName = RxSwift;
		};
/* End XCSwiftPackageProductDependency section */
	};
	rootObject = A458B6982B94606400B8B1F9 /* Project object */;
}
