// !$*UTF8*$!
{
	archiveVersion = 1;
	classes = {
	};
	objectVersion = 56;
	objects = {

/* Begin PBXBuildFile section */
		A40C8EA22B93203300246D1C /* AppDelegate.swift in Sources */ = {isa = PBXBuildFile; fileRef = A40C8EA12B93203300246D1C /* AppDelegate.swift */; };
		A40C8EA42B93203300246D1C /* SceneDelegate.swift in Sources */ = {isa = PBXBuildFile; fileRef = A40C8EA32B93203300246D1C /* SceneDelegate.swift */; };
		A40C8EA62B93203300246D1C /* Anasayfa.swift in Sources */ = {isa = PBXBuildFile; fileRef = A40C8EA52B93203300246D1C /* Anasayfa.swift */; };
		A40C8EA92B93203300246D1C /* Main.storyboard in Resources */ = {isa = PBXBuildFile; fileRef = A40C8EA72B93203300246D1C /* Main.storyboard */; };
		A40C8EAB2B93203400246D1C /* Assets.xcassets in Resources */ = {isa = PBXBuildFile; fileRef = A40C8EAA2B93203400246D1C /* Assets.xcassets */; };
		A40C8EAE2B93203400246D1C /* LaunchScreen.storyboard in Resources */ = {isa = PBXBuildFile; fileRef = A40C8EAC2B93203400246D1C /* LaunchScreen.storyboard */; };
		A40C8EB62B93209800246D1C /* Urunler.swift in Sources */ = {isa = PBXBuildFile; fileRef = A40C8EB52B93209800246D1C /* Urunler.swift */; };
		A40C8EB82B93212800246D1C /* DetaySayfa.swift in Sources */ = {isa = PBXBuildFile; fileRef = A40C8EB72B93212800246D1C /* DetaySayfa.swift */; };
		A40C8EBA2B93235200246D1C /* UrunlerHucre.swift in Sources */ = {isa = PBXBuildFile; fileRef = A40C8EB92B93235100246D1C /* UrunlerHucre.swift */; };
/* End PBXBuildFile section */

/* Begin PBXFileReference section */
		A40C8E9E2B93203300246D1C /* UrunlerApp.app */ = {isa = PBXFileReference; explicitFileType = wrapper.application; includeInIndex = 0; path = UrunlerApp.app; sourceTree = BUILT_PRODUCTS_DIR; };
		A40C8EA12B93203300246D1C /* AppDelegate.swift */ = {isa = PBXFileReference; lastKnownFileType = sourcecode.swift; path = AppDelegate.swift; sourceTree = "<group>"; };
		A40C8EA32B93203300246D1C /* SceneDelegate.swift */ = {isa = PBXFileReference; lastKnownFileType = sourcecode.swift; path = SceneDelegate.swift; sourceTree = "<group>"; };
		A40C8EA52B93203300246D1C /* Anasayfa.swift */ = {isa = PBXFileReference; lastKnownFileType = sourcecode.swift; path = Anasayfa.swift; sourceTree = "<group>"; };
		A40C8EA82B93203300246D1C /* Base */ = {isa = PBXFileReference; lastKnownFileType = file.storyboard; name = Base; path = Base.lproj/Main.storyboard; sourceTree = "<group>"; };
		A40C8EAA2B93203400246D1C /* Assets.xcassets */ = {isa = PBXFileReference; lastKnownFileType = folder.assetcatalog; path = Assets.xcassets; sourceTree = "<group>"; };
		A40C8EAD2B93203400246D1C /* Base */ = {isa = PBXFileReference; lastKnownFileType = file.storyboard; name = Base; path = Base.lproj/LaunchScreen.storyboard; sourceTree = "<group>"; };
		A40C8EAF2B93203400246D1C /* Info.plist */ = {isa = PBXFileReference; lastKnownFileType = text.plist.xml; path = Info.plist; sourceTree = "<group>"; };
		A40C8EB52B93209800246D1C /* Urunler.swift */ = {isa = PBXFileReference; lastKnownFileType = sourcecode.swift; path = Urunler.swift; sourceTree = "<group>"; };
		A40C8EB72B93212800246D1C /* DetaySayfa.swift */ = {isa = PBXFileReference; lastKnownFileType = sourcecode.swift; path = DetaySayfa.swift; sourceTree = "<group>"; };
		A40C8EB92B93235100246D1C /* UrunlerHucre.swift */ = {isa = PBXFileReference; lastKnownFileType = sourcecode.swift; path = UrunlerHucre.swift; sourceTree = "<group>"; };
/* End PBXFileReference section */

/* Begin PBXFrameworksBuildPhase section */
		A40C8E9B2B93203300246D1C /* Frameworks */ = {
			isa = PBXFrameworksBuildPhase;
			buildActionMask = 2147483647;
			files = (
			);
			runOnlyForDeploymentPostprocessing = 0;
		};
/* End PBXFrameworksBuildPhase section */

/* Begin PBXGroup section */
		A40C8E952B93203300246D1C = {
			isa = PBXGroup;
			children = (
				A40C8EA02B93203300246D1C /* UrunlerApp */,
				A40C8E9F2B93203300246D1C /* Products */,
			);
			sourceTree = "<group>";
		};
		A40C8E9F2B93203300246D1C /* Products */ = {
			isa = PBXGroup;
			children = (
				A40C8E9E2B93203300246D1C /* UrunlerApp.app */,
			);
			name = Products;
			sourceTree = "<group>";
		};
		A40C8EA02B93203300246D1C /* UrunlerApp */ = {
			isa = PBXGroup;
			children = (
				A40C8EA12B93203300246D1C /* AppDelegate.swift */,
				A40C8EA32B93203300246D1C /* SceneDelegate.swift */,
				A40C8EA52B93203300246D1C /* Anasayfa.swift */,
				A40C8EB72B93212800246D1C /* DetaySayfa.swift */,
				A40C8EB52B93209800246D1C /* Urunler.swift */,
				A40C8EB92B93235100246D1C /* UrunlerHucre.swift */,
				A40C8EA72B93203300246D1C /* Main.storyboard */,
				A40C8EAA2B93203400246D1C /* Assets.xcassets */,
				A40C8EAC2B93203400246D1C /* LaunchScreen.storyboard */,
				A40C8EAF2B93203400246D1C /* Info.plist */,
			);
			path = UrunlerApp;
			sourceTree = "<group>";
		};
/* End PBXGroup section */

/* Begin PBXNativeTarget section */
		A40C8E9D2B93203300246D1C /* UrunlerApp */ = {
			isa = PBXNativeTarget;
			buildConfigurationList = A40C8EB22B93203400246D1C /* Build configuration list for PBXNativeTarget "UrunlerApp" */;
			buildPhases = (
				A40C8E9A2B93203300246D1C /* Sources */,
				A40C8E9B2B93203300246D1C /* Frameworks */,
				A40C8E9C2B93203300246D1C /* Resources */,
			);
			buildRules = (
			);
			dependencies = (
			);
			name = UrunlerApp;
			productName = UrunlerApp;
			productReference = A40C8E9E2B93203300246D1C /* UrunlerApp.app */;
			productType = "com.apple.product-type.application";
		};
/* End PBXNativeTarget section */

/* Begin PBXProject section */
		A40C8E962B93203300246D1C /* Project object */ = {
			isa = PBXProject;
			attributes = {
				BuildIndependentTargetsInParallel = 1;
				LastSwiftUpdateCheck = 1520;
				LastUpgradeCheck = 1520;
				TargetAttributes = {
					A40C8E9D2B93203300246D1C = {
						CreatedOnToolsVersion = 15.2;
					};
				};
			};
			buildConfigurationList = A40C8E992B93203300246D1C /* Build configuration list for PBXProject "UrunlerApp" */;
			compatibilityVersion = "Xcode 14.0";
			developmentRegion = en;
			hasScannedForEncodings = 0;
			knownRegions = (
				en,
				Base,
			);
			mainGroup = A40C8E952B93203300246D1C;
			productRefGroup = A40C8E9F2B93203300246D1C /* Products */;
			projectDirPath = "";
			projectRoot = "";
			targets = (
				A40C8E9D2B93203300246D1C /* UrunlerApp */,
			);
		};
/* End PBXProject section */

/* Begin PBXResourcesBuildPhase section */
		A40C8E9C2B93203300246D1C /* Resources */ = {
			isa = PBXResourcesBuildPhase;
			buildActionMask = 2147483647;
			files = (
				A40C8EAE2B93203400246D1C /* LaunchScreen.storyboard in Resources */,
				A40C8EAB2B93203400246D1C /* Assets.xcassets in Resources */,
				A40C8EA92B93203300246D1C /* Main.storyboard in Resources */,
			);
			runOnlyForDeploymentPostprocessing = 0;
		};
/* End PBXResourcesBuildPhase section */

/* Begin PBXSourcesBuildPhase section */
		A40C8E9A2B93203300246D1C /* Sources */ = {
			isa = PBXSourcesBuildPhase;
			buildActionMask = 2147483647;
			files = (
				A40C8EA62B93203300246D1C /* Anasayfa.swift in Sources */,
				A40C8EB62B93209800246D1C /* Urunler.swift in Sources */,
				A40C8EA22B93203300246D1C /* AppDelegate.swift in Sources */,
				A40C8EBA2B93235200246D1C /* UrunlerHucre.swift in Sources */,
				A40C8EB82B93212800246D1C /* DetaySayfa.swift in Sources */,
				A40C8EA42B93203300246D1C /* SceneDelegate.swift in Sources */,
			);
			runOnlyForDeploymentPostprocessing = 0;
		};
/* End PBXSourcesBuildPhase section */

/* Begin PBXVariantGroup section */
		A40C8EA72B93203300246D1C /* Main.storyboard */ = {
			isa = PBXVariantGroup;
			children = (
				A40C8EA82B93203300246D1C /* Base */,
			);
			name = Main.storyboard;
			sourceTree = "<group>";
		};
		A40C8EAC2B93203400246D1C /* LaunchScreen.storyboard */ = {
			isa = PBXVariantGroup;
			children = (
				A40C8EAD2B93203400246D1C /* Base */,
			);
			name = LaunchScreen.storyboard;
			sourceTree = "<group>";
		};
/* End PBXVariantGroup section */

/* Begin XCBuildConfiguration section */
		A40C8EB02B93203400246D1C /* Debug */ = {
			isa = XCBuildConfiguration;
			buildSettings = {
				ALWAYS_SEARCH_USER_PATHS = NO;
				ASSETCATALOG_COMPILER_GENERATE_SWIFT_ASSET_SYMBOL_EXTENSIONS = YES;
				CLANG_ANALYZER_NONNULL = YES;
				CLANG_ANALYZER_NUMBER_OBJECT_CONVERSION = YES_AGGRESSIVE;
				CLANG_CXX_LANGUAGE_STANDARD = "gnu++20";
				CLANG_ENABLE_MODULES = YES;
				CLANG_ENABLE_OBJC_ARC = YES;
				CLANG_ENABLE_OBJC_WEAK = YES;
				CLANG_WARN_BLOCK_CAPTURE_AUTORELEASING = YES;
				CLANG_WARN_BOOL_CONVERSION = YES;
				CLANG_WARN_COMMA = YES;
				CLANG_WARN_CONSTANT_CONVERSION = YES;
				CLANG_WARN_DEPRECATED_OBJC_IMPLEMENTATIONS = YES;
				CLANG_WARN_DIRECT_OBJC_ISA_USAGE = YES_ERROR;
				CLANG_WARN_DOCUMENTATION_COMMENTS = YES;
				CLANG_WARN_EMPTY_BODY = YES;
				CLANG_WARN_ENUM_CONVERSION = YES;
				CLANG_WARN_INFINITE_RECURSION = YES;
				CLANG_WARN_INT_CONVERSION = YES;
				CLANG_WARN_NON_LITERAL_NULL_CONVERSION = YES;
				CLANG_WARN_OBJC_IMPLICIT_RETAIN_SELF = YES;
				CLANG_WARN_OBJC_LITERAL_CONVERSION = YES;
				CLANG_WARN_OBJC_ROOT_CLASS = YES_ERROR;
				CLANG_WARN_QUOTED_INCLUDE_IN_FRAMEWORK_HEADER = YES;
				CLANG_WARN_RANGE_LOOP_ANALYSIS = YES;
				CLANG_WARN_STRICT_PROTOTYPES = YES;
				CLANG_WARN_SUSPICIOUS_MOVE = YES;
				CLANG_WARN_UNGUARDED_AVAILABILITY = YES_AGGRESSIVE;
				CLANG_WARN_UNREACHABLE_CODE = YES;
				CLANG_WARN__DUPLICATE_METHOD_MATCH = YES;
				COPY_PHASE_STRIP = NO;
				DEBUG_INFORMATION_FORMAT = dwarf;
				ENABLE_STRICT_OBJC_MSGSEND = YES;
				ENABLE_TESTABILITY = YES;
				ENABLE_USER_SCRIPT_SANDBOXING = YES;
				GCC_C_LANGUAGE_STANDARD = gnu17;
				GCC_DYNAMIC_NO_PIC = NO;
				GCC_NO_COMMON_BLOCKS = YES;
				GCC_OPTIMIZATION_LEVEL = 0;
				GCC_PREPROCESSOR_DEFINITIONS = (
					"DEBUG=1",
					"$(inherited)",
				);
				GCC_WARN_64_TO_32_BIT_CONVERSION = YES;
				GCC_WARN_ABOUT_RETURN_TYPE = YES_ERROR;
				GCC_WARN_UNDECLARED_SELECTOR = YES;
				GCC_WARN_UNINITIALIZED_AUTOS = YES_AGGRESSIVE;
				GCC_WARN_UNUSED_FUNCTION = YES;
				GCC_WARN_UNUSED_VARIABLE = YES;
				IPHONEOS_DEPLOYMENT_TARGET = 17.2;
				LOCALIZATION_PREFERS_STRING_CATALOGS = YES;
				MTL_ENABLE_DEBUG_INFO = INCLUDE_SOURCE;
				MTL_FAST_MATH = YES;
				ONLY_ACTIVE_ARCH = YES;
				SDKROOT = iphoneos;
				SWIFT_ACTIVE_COMPILATION_CONDITIONS = "DEBUG $(inherited)";
				SWIFT_OPTIMIZATION_LEVEL = "-Onone";
			};
			name = Debug;
		};
		A40C8EB12B93203400246D1C /* Release */ = {
			isa = XCBuildConfiguration;
			buildSettings = {
				ALWAYS_SEARCH_USER_PATHS = NO;
				ASSETCATALOG_COMPILER_GENERATE_SWIFT_ASSET_SYMBOL_EXTENSIONS = YES;
				CLANG_ANALYZER_NONNULL = YES;
				CLANG_ANALYZER_NUMBER_OBJECT_CONVERSION = YES_AGGRESSIVE;
				CLANG_CXX_LANGUAGE_STANDARD = "gnu++20";
				CLANG_ENABLE_MODULES = YES;
				CLANG_ENABLE_OBJC_ARC = YES;
				CLANG_ENABLE_OBJC_WEAK = YES;
				CLANG_WARN_BLOCK_CAPTURE_AUTORELEASING = YES;
				CLANG_WARN_BOOL_CONVERSION = YES;
				CLANG_WARN_COMMA = YES;
				CLANG_WARN_CONSTANT_CONVERSION = YES;
				CLANG_WARN_DEPRECATED_OBJC_IMPLEMENTATIONS = YES;
				CLANG_WARN_DIRECT_OBJC_ISA_USAGE = YES_ERROR;
				CLANG_WARN_DOCUMENTATION_COMMENTS = YES;
				CLANG_WARN_EMPTY_BODY = YES;
				CLANG_WARN_ENUM_CONVERSION = YES;
				CLANG_WARN_INFINITE_RECURSION = YES;
				CLANG_WARN_INT_CONVERSION = YES;
				CLANG_WARN_NON_LITERAL_NULL_CONVERSION = YES;
				CLANG_WARN_OBJC_IMPLICIT_RETAIN_SELF = YES;
				CLANG_WARN_OBJC_LITERAL_CONVERSION = YES;
				CLANG_WARN_OBJC_ROOT_CLASS = YES_ERROR;
				CLANG_WARN_QUOTED_INCLUDE_IN_FRAMEWORK_HEADER = YES;
				CLANG_WARN_RANGE_LOOP_ANALYSIS = YES;
				CLANG_WARN_STRICT_PROTOTYPES = YES;
				CLANG_WARN_SUSPICIOUS_MOVE = YES;
				CLANG_WARN_UNGUARDED_AVAILABILITY = YES_AGGRESSIVE;
				CLANG_WARN_UNREACHABLE_CODE = YES;
				CLANG_WARN__DUPLICATE_METHOD_MATCH = YES;
				COPY_PHASE_STRIP = NO;
				DEBUG_INFORMATION_FORMAT = "dwarf-with-dsym";
				ENABLE_NS_ASSERTIONS = NO;
				ENABLE_STRICT_OBJC_MSGSEND = YES;
				ENABLE_USER_SCRIPT_SANDBOXING = YES;
				GCC_C_LANGUAGE_STANDARD = gnu17;
				GCC_NO_COMMON_BLOCKS = YES;
				GCC_WARN_64_TO_32_BIT_CONVERSION = YES;
				GCC_WARN_ABOUT_RETURN_TYPE = YES_ERROR;
				GCC_WARN_UNDECLARED_SELECTOR = YES;
				GCC_WARN_UNINITIALIZED_AUTOS = YES_AGGRESSIVE;
				GCC_WARN_UNUSED_FUNCTION = YES;
				GCC_WARN_UNUSED_VARIABLE = YES;
				IPHONEOS_DEPLOYMENT_TARGET = 17.2;
				LOCALIZATION_PREFERS_STRING_CATALOGS = YES;
				MTL_ENABLE_DEBUG_INFO = NO;
				MTL_FAST_MATH = YES;
				SDKROOT = iphoneos;
				SWIFT_COMPILATION_MODE = wholemodule;
				VALIDATE_PRODUCT = YES;
			};
			name = Release;
		};
		A40C8EB32B93203400246D1C /* Debug */ = {
			isa = XCBuildConfiguration;
			buildSettings = {
				ASSETCATALOG_COMPILER_APPICON_NAME = AppIcon;
				ASSETCATALOG_COMPILER_GLOBAL_ACCENT_COLOR_NAME = AccentColor;
				CODE_SIGN_STYLE = Automatic;
				CURRENT_PROJECT_VERSION = 1;
				DEVELOPMENT_TEAM = 8WAJ4W835K;
				GENERATE_INFOPLIST_FILE = YES;
				INFOPLIST_FILE = UrunlerApp/Info.plist;
				INFOPLIST_KEY_UIApplicationSupportsIndirectInputEvents = YES;
				INFOPLIST_KEY_UILaunchStoryboardName = LaunchScreen;
				INFOPLIST_KEY_UIMainStoryboardFile = Main;
				INFOPLIST_KEY_UISupportedInterfaceOrientations_iPad = "UIInterfaceOrientationPortrait UIInterfaceOrientationPortraitUpsideDown UIInterfaceOrientationLandscapeLeft UIInterfaceOrientationLandscapeRight";
				INFOPLIST_KEY_UISupportedInterfaceOrientations_iPhone = "UIInterfaceOrientationPortrait UIInterfaceOrientationLandscapeLeft UIInterfaceOrientationLandscapeRight";
				LD_RUNPATH_SEARCH_PATHS = (
					"$(inherited)",
					"@executable_path/Frameworks",
				);
				MARKETING_VERSION = 1.0;
				PRODUCT_BUNDLE_IDENTIFIER = com.omercakar.UrunlerApp;
				PRODUCT_NAME = "$(TARGET_NAME)";
				SWIFT_EMIT_LOC_STRINGS = YES;
				SWIFT_VERSION = 5.0;
				TARGETED_DEVICE_FAMILY = "1,2";
			};
			name = Debug;
		};
		A40C8EB42B93203400246D1C /* Release */ = {
			isa = XCBuildConfiguration;
			buildSettings = {
				ASSETCATALOG_COMPILER_APPICON_NAME = AppIcon;
				ASSETCATALOG_COMPILER_GLOBAL_ACCENT_COLOR_NAME = AccentColor;
				CODE_SIGN_STYLE = Automatic;
				CURRENT_PROJECT_VERSION = 1;
				DEVELOPMENT_TEAM = 8WAJ4W835K;
				GENERATE_INFOPLIST_FILE = YES;
				INFOPLIST_FILE = UrunlerApp/Info.plist;
				INFOPLIST_KEY_UIApplicationSupportsIndirectInputEvents = YES;
				INFOPLIST_KEY_UILaunchStoryboardName = LaunchScreen;
				INFOPLIST_KEY_UIMainStoryboardFile = Main;
				INFOPLIST_KEY_UISupportedInterfaceOrientations_iPad = "UIInterfaceOrientationPortrait UIInterfaceOrientationPortraitUpsideDown UIInterfaceOrientationLandscapeLeft UIInterfaceOrientationLandscapeRight";
				INFOPLIST_KEY_UISupportedInterfaceOrientations_iPhone = "UIInterfaceOrientationPortrait UIInterfaceOrientationLandscapeLeft UIInterfaceOrientationLandscapeRight";
				LD_RUNPATH_SEARCH_PATHS = (
					"$(inherited)",
					"@executable_path/Frameworks",
				);
				MARKETING_VERSION = 1.0;
				PRODUCT_BUNDLE_IDENTIFIER = com.omercakar.UrunlerApp;
				PRODUCT_NAME = "$(TARGET_NAME)";
				SWIFT_EMIT_LOC_STRINGS = YES;
				SWIFT_VERSION = 5.0;
				TARGETED_DEVICE_FAMILY = "1,2";
			};
			name = Release;
		};
/* End XCBuildConfiguration section */

/* Begin XCConfigurationList section */
		A40C8E992B93203300246D1C /* Build configuration list for PBXProject "UrunlerApp" */ = {
			isa = XCConfigurationList;
			buildConfigurations = (
				A40C8EB02B93203400246D1C /* Debug */,
				A40C8EB12B93203400246D1C /* Release */,
			);
			defaultConfigurationIsVisible = 0;
			defaultConfigurationName = Release;
		};
		A40C8EB22B93203400246D1C /* Build configuration list for PBXNativeTarget "UrunlerApp" */ = {
			isa = XCConfigurationList;
			buildConfigurations = (
				A40C8EB32B93203400246D1C /* Debug */,
				A40C8EB42B93203400246D1C /* Release */,
			);
			defaultConfigurationIsVisible = 0;
			defaultConfigurationName = Release;
		};
/* End XCConfigurationList section */
	};
	rootObject = A40C8E962B93203300246D1C /* Project object */;
}
