// !$*UTF8*$!
{
	archiveVersion = 1;
	classes = {
	};
	objectVersion = 56;
	objects = {

/* Begin PBXBuildFile section */
		A4490EBF2B92596100E8BD28 /* KisilerHucre.swift in Sources */ = {isa = PBXBuildFile; fileRef = A4490EBE2B92596100E8BD28 /* KisilerHucre.swift */; };
		A48A09982B96F9EA00B26B13 /* RxSwift in Frameworks */ = {isa = PBXBuildFile; productRef = A48A09972B96F9EA00B26B13 /* RxSwift */; };
		A48A09A12B96FA5200B26B13 /* KisilerDaoRepository.swift in Sources */ = {isa = PBXBuildFile; fileRef = A48A09A02B96FA5200B26B13 /* KisilerDaoRepository.swift */; };
		A48A09A42B96FA8E00B26B13 /* AnasayfaViewModel.swift in Sources */ = {isa = PBXBuildFile; fileRef = A48A09A32B96FA8E00B26B13 /* AnasayfaViewModel.swift */; };
		A48A09A62B96FAA800B26B13 /* KisiKayitViewModel.swift in Sources */ = {isa = PBXBuildFile; fileRef = A48A09A52B96FAA800B26B13 /* KisiKayitViewModel.swift */; };
		A48A09A82B96FABC00B26B13 /* KisiDetayViewModel.swift in Sources */ = {isa = PBXBuildFile; fileRef = A48A09A72B96FABC00B26B13 /* KisiDetayViewModel.swift */; };
		A4B043B72B91BADA001202F0 /* AppDelegate.swift in Sources */ = {isa = PBXBuildFile; fileRef = A4B043B62B91BADA001202F0 /* AppDelegate.swift */; };
		A4B043B92B91BADA001202F0 /* SceneDelegate.swift in Sources */ = {isa = PBXBuildFile; fileRef = A4B043B82B91BADA001202F0 /* SceneDelegate.swift */; };
		A4B043BE2B91BADA001202F0 /* Main.storyboard in Resources */ = {isa = PBXBuildFile; fileRef = A4B043BC2B91BADA001202F0 /* Main.storyboard */; };
		A4B043C02B91BADB001202F0 /* Assets.xcassets in Resources */ = {isa = PBXBuildFile; fileRef = A4B043BF2B91BADB001202F0 /* Assets.xcassets */; };
		A4B043C32B91BADB001202F0 /* LaunchScreen.storyboard in Resources */ = {isa = PBXBuildFile; fileRef = A4B043C12B91BADB001202F0 /* LaunchScreen.storyboard */; };
		A4B043CF2B91BB9C001202F0 /* KisiKayit.swift in Sources */ = {isa = PBXBuildFile; fileRef = A4B043CE2B91BB9C001202F0 /* KisiKayit.swift */; };
		A4B043D12B91BBAB001202F0 /* KisiDetay.swift in Sources */ = {isa = PBXBuildFile; fileRef = A4B043D02B91BBAB001202F0 /* KisiDetay.swift */; };
		A4B043D32B91BC18001202F0 /* Kisiler.swift in Sources */ = {isa = PBXBuildFile; fileRef = A4B043D22B91BC18001202F0 /* Kisiler.swift */; };
		A4B043D52B91C632001202F0 /* Anasayfa.swift in Sources */ = {isa = PBXBuildFile; fileRef = A4B043D42B91C632001202F0 /* Anasayfa.swift */; };
/* End PBXBuildFile section */

/* Begin PBXFileReference section */
		A4490EBE2B92596100E8BD28 /* KisilerHucre.swift */ = {isa = PBXFileReference; lastKnownFileType = sourcecode.swift; path = KisilerHucre.swift; sourceTree = "<group>"; };
		A48A09A02B96FA5200B26B13 /* KisilerDaoRepository.swift */ = {isa = PBXFileReference; lastKnownFileType = sourcecode.swift; path = KisilerDaoRepository.swift; sourceTree = "<group>"; };
		A48A09A32B96FA8E00B26B13 /* AnasayfaViewModel.swift */ = {isa = PBXFileReference; lastKnownFileType = sourcecode.swift; path = AnasayfaViewModel.swift; sourceTree = "<group>"; };
		A48A09A52B96FAA800B26B13 /* KisiKayitViewModel.swift */ = {isa = PBXFileReference; lastKnownFileType = sourcecode.swift; path = KisiKayitViewModel.swift; sourceTree = "<group>"; };
		A48A09A72B96FABC00B26B13 /* KisiDetayViewModel.swift */ = {isa = PBXFileReference; lastKnownFileType = sourcecode.swift; path = KisiDetayViewModel.swift; sourceTree = "<group>"; };
		A4B043B32B91BADA001202F0 /* KisilerUygulamasi.app */ = {isa = PBXFileReference; explicitFileType = wrapper.application; includeInIndex = 0; path = KisilerUygulamasi.app; sourceTree = BUILT_PRODUCTS_DIR; };
		A4B043B62B91BADA001202F0 /* AppDelegate.swift */ = {isa = PBXFileReference; lastKnownFileType = sourcecode.swift; path = AppDelegate.swift; sourceTree = "<group>"; };
		A4B043B82B91BADA001202F0 /* SceneDelegate.swift */ = {isa = PBXFileReference; lastKnownFileType = sourcecode.swift; path = SceneDelegate.swift; sourceTree = "<group>"; };
		A4B043BD2B91BADA001202F0 /* Base */ = {isa = PBXFileReference; lastKnownFileType = file.storyboard; name = Base; path = Base.lproj/Main.storyboard; sourceTree = "<group>"; };
		A4B043BF2B91BADB001202F0 /* Assets.xcassets */ = {isa = PBXFileReference; lastKnownFileType = folder.assetcatalog; path = Assets.xcassets; sourceTree = "<group>"; };
		A4B043C22B91BADB001202F0 /* Base */ = {isa = PBXFileReference; lastKnownFileType = file.storyboard; name = Base; path = Base.lproj/LaunchScreen.storyboard; sourceTree = "<group>"; };
		A4B043C42B91BADB001202F0 /* Info.plist */ = {isa = PBXFileReference; lastKnownFileType = text.plist.xml; path = Info.plist; sourceTree = "<group>"; };
		A4B043CE2B91BB9C001202F0 /* KisiKayit.swift */ = {isa = PBXFileReference; lastKnownFileType = sourcecode.swift; path = KisiKayit.swift; sourceTree = "<group>"; };
		A4B043D02B91BBAB001202F0 /* KisiDetay.swift */ = {isa = PBXFileReference; lastKnownFileType = sourcecode.swift; path = KisiDetay.swift; sourceTree = "<group>"; };
		A4B043D22B91BC18001202F0 /* Kisiler.swift */ = {isa = PBXFileReference; lastKnownFileType = sourcecode.swift; path = Kisiler.swift; sourceTree = "<group>"; };
		A4B043D42B91C632001202F0 /* Anasayfa.swift */ = {isa = PBXFileReference; lastKnownFileType = sourcecode.swift; path = Anasayfa.swift; sourceTree = "<group>"; };
/* End PBXFileReference section */

/* Begin PBXFrameworksBuildPhase section */
		A4B043B02B91BADA001202F0 /* Frameworks */ = {
			isa = PBXFrameworksBuildPhase;
			buildActionMask = 2147483647;
			files = (
				A48A09982B96F9EA00B26B13 /* RxSwift in Frameworks */,
			);
			runOnlyForDeploymentPostprocessing = 0;
		};
/* End PBXFrameworksBuildPhase section */

/* Begin PBXGroup section */
		A4490EBD2B92594500E8BD28 /* tableview */ = {
			isa = PBXGroup;
			children = (
				A4490EBE2B92596100E8BD28 /* KisilerHucre.swift */,
			);
			path = tableview;
			sourceTree = "<group>";
		};
		A48A099F2B96FA4000B26B13 /* repo */ = {
			isa = PBXGroup;
			children = (
				A48A09A02B96FA5200B26B13 /* KisilerDaoRepository.swift */,
			);
			path = repo;
			sourceTree = "<group>";
		};
		A48A09A22B96FA7B00B26B13 /* viewmodel */ = {
			isa = PBXGroup;
			children = (
				A48A09A32B96FA8E00B26B13 /* AnasayfaViewModel.swift */,
				A48A09A52B96FAA800B26B13 /* KisiKayitViewModel.swift */,
				A48A09A72B96FABC00B26B13 /* KisiDetayViewModel.swift */,
			);
			path = viewmodel;
			sourceTree = "<group>";
		};
		A4B043AA2B91BADA001202F0 = {
			isa = PBXGroup;
			children = (
				A4B043B52B91BADA001202F0 /* KisilerUygulamasi */,
				A4B043B42B91BADA001202F0 /* Products */,
			);
			sourceTree = "<group>";
		};
		A4B043B42B91BADA001202F0 /* Products */ = {
			isa = PBXGroup;
			children = (
				A4B043B32B91BADA001202F0 /* KisilerUygulamasi.app */,
			);
			name = Products;
			sourceTree = "<group>";
		};
		A4B043B52B91BADA001202F0 /* KisilerUygulamasi */ = {
			isa = PBXGroup;
			children = (
				A4B043B62B91BADA001202F0 /* AppDelegate.swift */,
				A4B043B82B91BADA001202F0 /* SceneDelegate.swift */,
				A4B043CB2B91BB21001202F0 /* ui */,
				A4B043CA2B91BB12001202F0 /* data */,
				A4B043BC2B91BADA001202F0 /* Main.storyboard */,
				A4B043BF2B91BADB001202F0 /* Assets.xcassets */,
				A4B043C12B91BADB001202F0 /* LaunchScreen.storyboard */,
				A4B043C42B91BADB001202F0 /* Info.plist */,
			);
			path = KisilerUygulamasi;
			sourceTree = "<group>";
		};
		A4B043CA2B91BB12001202F0 /* data */ = {
			isa = PBXGroup;
			children = (
				A48A099F2B96FA4000B26B13 /* repo */,
				A4B043CC2B91BB4E001202F0 /* entity */,
			);
			path = data;
			sourceTree = "<group>";
		};
		A4B043CB2B91BB21001202F0 /* ui */ = {
			isa = PBXGroup;
			children = (
				A48A09A22B96FA7B00B26B13 /* viewmodel */,
				A4490EBD2B92594500E8BD28 /* tableview */,
				A4B043CD2B91BB59001202F0 /* views */,
			);
			path = ui;
			sourceTree = "<group>";
		};
		A4B043CC2B91BB4E001202F0 /* entity */ = {
			isa = PBXGroup;
			children = (
				A4B043D22B91BC18001202F0 /* Kisiler.swift */,
			);
			path = entity;
			sourceTree = "<group>";
		};
		A4B043CD2B91BB59001202F0 /* views */ = {
			isa = PBXGroup;
			children = (
				A4B043CE2B91BB9C001202F0 /* KisiKayit.swift */,
				A4B043D02B91BBAB001202F0 /* KisiDetay.swift */,
				A4B043D42B91C632001202F0 /* Anasayfa.swift */,
			);
			path = views;
			sourceTree = "<group>";
		};
/* End PBXGroup section */

/* Begin PBXNativeTarget section */
		A4B043B22B91BADA001202F0 /* KisilerUygulamasi */ = {
			isa = PBXNativeTarget;
			buildConfigurationList = A4B043C72B91BADB001202F0 /* Build configuration list for PBXNativeTarget "KisilerUygulamasi" */;
			buildPhases = (
				A4B043AF2B91BADA001202F0 /* Sources */,
				A4B043B02B91BADA001202F0 /* Frameworks */,
				A4B043B12B91BADA001202F0 /* Resources */,
			);
			buildRules = (
			);
			dependencies = (
			);
			name = KisilerUygulamasi;
			packageProductDependencies = (
				A48A09972B96F9EA00B26B13 /* RxSwift */,
			);
			productName = KisilerUygulamasi;
			productReference = A4B043B32B91BADA001202F0 /* KisilerUygulamasi.app */;
			productType = "com.apple.product-type.application";
		};
/* End PBXNativeTarget section */

/* Begin PBXProject section */
		A4B043AB2B91BADA001202F0 /* Project object */ = {
			isa = PBXProject;
			attributes = {
				BuildIndependentTargetsInParallel = 1;
				LastSwiftUpdateCheck = 1520;
				LastUpgradeCheck = 1520;
				TargetAttributes = {
					A4B043B22B91BADA001202F0 = {
						CreatedOnToolsVersion = 15.2;
					};
				};
			};
			buildConfigurationList = A4B043AE2B91BADA001202F0 /* Build configuration list for PBXProject "KisilerUygulamasi" */;
			compatibilityVersion = "Xcode 14.0";
			developmentRegion = en;
			hasScannedForEncodings = 0;
			knownRegions = (
				en,
				Base,
			);
			mainGroup = A4B043AA2B91BADA001202F0;
			packageReferences = (
				A48A098A2B96F9EA00B26B13 /* XCRemoteSwiftPackageReference "RxSwift" */,
			);
			productRefGroup = A4B043B42B91BADA001202F0 /* Products */;
			projectDirPath = "";
			projectRoot = "";
			targets = (
				A4B043B22B91BADA001202F0 /* KisilerUygulamasi */,
			);
		};
/* End PBXProject section */

/* Begin PBXResourcesBuildPhase section */
		A4B043B12B91BADA001202F0 /* Resources */ = {
			isa = PBXResourcesBuildPhase;
			buildActionMask = 2147483647;
			files = (
				A4B043C32B91BADB001202F0 /* LaunchScreen.storyboard in Resources */,
				A4B043C02B91BADB001202F0 /* Assets.xcassets in Resources */,
				A4B043BE2B91BADA001202F0 /* Main.storyboard in Resources */,
			);
			runOnlyForDeploymentPostprocessing = 0;
		};
/* End PBXResourcesBuildPhase section */

/* Begin PBXSourcesBuildPhase section */
		A4B043AF2B91BADA001202F0 /* Sources */ = {
			isa = PBXSourcesBuildPhase;
			buildActionMask = 2147483647;
			files = (
				A4B043CF2B91BB9C001202F0 /* KisiKayit.swift in Sources */,
				A4490EBF2B92596100E8BD28 /* KisilerHucre.swift in Sources */,
				A4B043D52B91C632001202F0 /* Anasayfa.swift in Sources */,
				A4B043D12B91BBAB001202F0 /* KisiDetay.swift in Sources */,
				A48A09A12B96FA5200B26B13 /* KisilerDaoRepository.swift in Sources */,
				A48A09A42B96FA8E00B26B13 /* AnasayfaViewModel.swift in Sources */,
				A48A09A82B96FABC00B26B13 /* KisiDetayViewModel.swift in Sources */,
				A4B043B72B91BADA001202F0 /* AppDelegate.swift in Sources */,
				A4B043B92B91BADA001202F0 /* SceneDelegate.swift in Sources */,
				A4B043D32B91BC18001202F0 /* Kisiler.swift in Sources */,
				A48A09A62B96FAA800B26B13 /* KisiKayitViewModel.swift in Sources */,
			);
			runOnlyForDeploymentPostprocessing = 0;
		};
/* End PBXSourcesBuildPhase section */

/* Begin PBXVariantGroup section */
		A4B043BC2B91BADA001202F0 /* Main.storyboard */ = {
			isa = PBXVariantGroup;
			children = (
				A4B043BD2B91BADA001202F0 /* Base */,
			);
			name = Main.storyboard;
			sourceTree = "<group>";
		};
		A4B043C12B91BADB001202F0 /* LaunchScreen.storyboard */ = {
			isa = PBXVariantGroup;
			children = (
				A4B043C22B91BADB001202F0 /* Base */,
			);
			name = LaunchScreen.storyboard;
			sourceTree = "<group>";
		};
/* End PBXVariantGroup section */

/* Begin XCBuildConfiguration section */
		A4B043C52B91BADB001202F0 /* Debug */ = {
			isa = XCBuildConfiguration;
			buildSettings = {
				ALWAYS_SEARCH_USER_PATHS = NO;
				ASSETCATALOG_COMPILER_GENERATE_SWIFT_ASSET_SYMBOL_EXTENSIONS = YES;
				CLANG_ANALYZER_NONNULL = YES;
				CLANG_ANALYZER_NUMBER_OBJECT_CONVERSION = YES_AGGRESSIVE;
				CLANG_CXX_LANGUAGE_STANDARD = "gnu++20";
				CLANG_ENABLE_MODULES = YES;
				CLANG_ENABLE_OBJC_ARC = YES;
				CLANG_ENABLE_OBJC_WEAK = YES;
				CLANG_WARN_BLOCK_CAPTURE_AUTORELEASING = YES;
				CLANG_WARN_BOOL_CONVERSION = YES;
				CLANG_WARN_COMMA = YES;
				CLANG_WARN_CONSTANT_CONVERSION = YES;
				CLANG_WARN_DEPRECATED_OBJC_IMPLEMENTATIONS = YES;
				CLANG_WARN_DIRECT_OBJC_ISA_USAGE = YES_ERROR;
				CLANG_WARN_DOCUMENTATION_COMMENTS = YES;
				CLANG_WARN_EMPTY_BODY = YES;
				CLANG_WARN_ENUM_CONVERSION = YES;
				CLANG_WARN_INFINITE_RECURSION = YES;
				CLANG_WARN_INT_CONVERSION = YES;
				CLANG_WARN_NON_LITERAL_NULL_CONVERSION = YES;
				CLANG_WARN_OBJC_IMPLICIT_RETAIN_SELF = YES;
				CLANG_WARN_OBJC_LITERAL_CONVERSION = YES;
				CLANG_WARN_OBJC_ROOT_CLASS = YES_ERROR;
				CLANG_WARN_QUOTED_INCLUDE_IN_FRAMEWORK_HEADER = YES;
				CLANG_WARN_RANGE_LOOP_ANALYSIS = YES;
				CLANG_WARN_STRICT_PROTOTYPES = YES;
				CLANG_WARN_SUSPICIOUS_MOVE = YES;
				CLANG_WARN_UNGUARDED_AVAILABILITY = YES_AGGRESSIVE;
				CLANG_WARN_UNREACHABLE_CODE = YES;
				CLANG_WARN__DUPLICATE_METHOD_MATCH = YES;
				COPY_PHASE_STRIP = NO;
				DEBUG_INFORMATION_FORMAT = dwarf;
				ENABLE_STRICT_OBJC_MSGSEND = YES;
				ENABLE_TESTABILITY = YES;
				ENABLE_USER_SCRIPT_SANDBOXING = YES;
				GCC_C_LANGUAGE_STANDARD = gnu17;
				GCC_DYNAMIC_NO_PIC = NO;
				GCC_NO_COMMON_BLOCKS = YES;
				GCC_OPTIMIZATION_LEVEL = 0;
				GCC_PREPROCESSOR_DEFINITIONS = (
					"DEBUG=1",
					"$(inherited)",
				);
				GCC_WARN_64_TO_32_BIT_CONVERSION = YES;
				GCC_WARN_ABOUT_RETURN_TYPE = YES_ERROR;
				GCC_WARN_UNDECLARED_SELECTOR = YES;
				GCC_WARN_UNINITIALIZED_AUTOS = YES_AGGRESSIVE;
				GCC_WARN_UNUSED_FUNCTION = YES;
				GCC_WARN_UNUSED_VARIABLE = YES;
				IPHONEOS_DEPLOYMENT_TARGET = 17.2;
				LOCALIZATION_PREFERS_STRING_CATALOGS = YES;
				MTL_ENABLE_DEBUG_INFO = INCLUDE_SOURCE;
				MTL_FAST_MATH = YES;
				ONLY_ACTIVE_ARCH = YES;
				SDKROOT = iphoneos;
				SWIFT_ACTIVE_COMPILATION_CONDITIONS = "DEBUG $(inherited)";
				SWIFT_OPTIMIZATION_LEVEL = "-Onone";
			};
			name = Debug;
		};
		A4B043C62B91BADB001202F0 /* Release */ = {
			isa = XCBuildConfiguration;
			buildSettings = {
				ALWAYS_SEARCH_USER_PATHS = NO;
				ASSETCATALOG_COMPILER_GENERATE_SWIFT_ASSET_SYMBOL_EXTENSIONS = YES;
				CLANG_ANALYZER_NONNULL = YES;
				CLANG_ANALYZER_NUMBER_OBJECT_CONVERSION = YES_AGGRESSIVE;
				CLANG_CXX_LANGUAGE_STANDARD = "gnu++20";
				CLANG_ENABLE_MODULES = YES;
				CLANG_ENABLE_OBJC_ARC = YES;
				CLANG_ENABLE_OBJC_WEAK = YES;
				CLANG_WARN_BLOCK_CAPTURE_AUTORELEASING = YES;
				CLANG_WARN_BOOL_CONVERSION = YES;
				CLANG_WARN_COMMA = YES;
				CLANG_WARN_CONSTANT_CONVERSION = YES;
				CLANG_WARN_DEPRECATED_OBJC_IMPLEMENTATIONS = YES;
				CLANG_WARN_DIRECT_OBJC_ISA_USAGE = YES_ERROR;
				CLANG_WARN_DOCUMENTATION_COMMENTS = YES;
				CLANG_WARN_EMPTY_BODY = YES;
				CLANG_WARN_ENUM_CONVERSION = YES;
				CLANG_WARN_INFINITE_RECURSION = YES;
				CLANG_WARN_INT_CONVERSION = YES;
				CLANG_WARN_NON_LITERAL_NULL_CONVERSION = YES;
				CLANG_WARN_OBJC_IMPLICIT_RETAIN_SELF = YES;
				CLANG_WARN_OBJC_LITERAL_CONVERSION = YES;
				CLANG_WARN_OBJC_ROOT_CLASS = YES_ERROR;
				CLANG_WARN_QUOTED_INCLUDE_IN_FRAMEWORK_HEADER = YES;
				CLANG_WARN_RANGE_LOOP_ANALYSIS = YES;
				CLANG_WARN_STRICT_PROTOTYPES = YES;
				CLANG_WARN_SUSPICIOUS_MOVE = YES;
				CLANG_WARN_UNGUARDED_AVAILABILITY = YES_AGGRESSIVE;
				CLANG_WARN_UNREACHABLE_CODE = YES;
				CLANG_WARN__DUPLICATE_METHOD_MATCH = YES;
				COPY_PHASE_STRIP = NO;
				DEBUG_INFORMATION_FORMAT = "dwarf-with-dsym";
				ENABLE_NS_ASSERTIONS = NO;
				ENABLE_STRICT_OBJC_MSGSEND = YES;
				ENABLE_USER_SCRIPT_SANDBOXING = YES;
				GCC_C_LANGUAGE_STANDARD = gnu17;
				GCC_NO_COMMON_BLOCKS = YES;
				GCC_WARN_64_TO_32_BIT_CONVERSION = YES;
				GCC_WARN_ABOUT_RETURN_TYPE = YES_ERROR;
				GCC_WARN_UNDECLARED_SELECTOR = YES;
				GCC_WARN_UNINITIALIZED_AUTOS = YES_AGGRESSIVE;
				GCC_WARN_UNUSED_FUNCTION = YES;
				GCC_WARN_UNUSED_VARIABLE = YES;
				IPHONEOS_DEPLOYMENT_TARGET = 17.2;
				LOCALIZATION_PREFERS_STRING_CATALOGS = YES;
				MTL_ENABLE_DEBUG_INFO = NO;
				MTL_FAST_MATH = YES;
				SDKROOT = iphoneos;
				SWIFT_COMPILATION_MODE = wholemodule;
				VALIDATE_PRODUCT = YES;
			};
			name = Release;
		};
		A4B043C82B91BADB001202F0 /* Debug */ = {
			isa = XCBuildConfiguration;
			buildSettings = {
				ASSETCATALOG_COMPILER_APPICON_NAME = AppIcon;
				ASSETCATALOG_COMPILER_GLOBAL_ACCENT_COLOR_NAME = AccentColor;
				CODE_SIGN_STYLE = Automatic;
				CURRENT_PROJECT_VERSION = 1;
				DEVELOPMENT_TEAM = 8WAJ4W835K;
				GENERATE_INFOPLIST_FILE = YES;
				INFOPLIST_FILE = KisilerUygulamasi/Info.plist;
				INFOPLIST_KEY_UIApplicationSupportsIndirectInputEvents = YES;
				INFOPLIST_KEY_UILaunchStoryboardName = LaunchScreen;
				INFOPLIST_KEY_UIMainStoryboardFile = Main;
				INFOPLIST_KEY_UISupportedInterfaceOrientations_iPad = "UIInterfaceOrientationPortrait UIInterfaceOrientationPortraitUpsideDown UIInterfaceOrientationLandscapeLeft UIInterfaceOrientationLandscapeRight";
				INFOPLIST_KEY_UISupportedInterfaceOrientations_iPhone = "UIInterfaceOrientationPortrait UIInterfaceOrientationLandscapeLeft UIInterfaceOrientationLandscapeRight";
				LD_RUNPATH_SEARCH_PATHS = (
					"$(inherited)",
					"@executable_path/Frameworks",
				);
				MARKETING_VERSION = 1.0;
				PRODUCT_BUNDLE_IDENTIFIER = com.omercakar.KisilerUygulamasi;
				PRODUCT_NAME = "$(TARGET_NAME)";
				SWIFT_EMIT_LOC_STRINGS = YES;
				SWIFT_VERSION = 5.0;
				TARGETED_DEVICE_FAMILY = "1,2";
			};
			name = Debug;
		};
		A4B043C92B91BADB001202F0 /* Release */ = {
			isa = XCBuildConfiguration;
			buildSettings = {
				ASSETCATALOG_COMPILER_APPICON_NAME = AppIcon;
				ASSETCATALOG_COMPILER_GLOBAL_ACCENT_COLOR_NAME = AccentColor;
				CODE_SIGN_STYLE = Automatic;
				CURRENT_PROJECT_VERSION = 1;
				DEVELOPMENT_TEAM = 8WAJ4W835K;
				GENERATE_INFOPLIST_FILE = YES;
				INFOPLIST_FILE = KisilerUygulamasi/Info.plist;
				INFOPLIST_KEY_UIApplicationSupportsIndirectInputEvents = YES;
				INFOPLIST_KEY_UILaunchStoryboardName = LaunchScreen;
				INFOPLIST_KEY_UIMainStoryboardFile = Main;
				INFOPLIST_KEY_UISupportedInterfaceOrientations_iPad = "UIInterfaceOrientationPortrait UIInterfaceOrientationPortraitUpsideDown UIInterfaceOrientationLandscapeLeft UIInterfaceOrientationLandscapeRight";
				INFOPLIST_KEY_UISupportedInterfaceOrientations_iPhone = "UIInterfaceOrientationPortrait UIInterfaceOrientationLandscapeLeft UIInterfaceOrientationLandscapeRight";
				LD_RUNPATH_SEARCH_PATHS = (
					"$(inherited)",
					"@executable_path/Frameworks",
				);
				MARKETING_VERSION = 1.0;
				PRODUCT_BUNDLE_IDENTIFIER = com.omercakar.KisilerUygulamasi;
				PRODUCT_NAME = "$(TARGET_NAME)";
				SWIFT_EMIT_LOC_STRINGS = YES;
				SWIFT_VERSION = 5.0;
				TARGETED_DEVICE_FAMILY = "1,2";
			};
			name = Release;
		};
/* End XCBuildConfiguration section */

/* Begin XCConfigurationList section */
		A4B043AE2B91BADA001202F0 /* Build configuration list for PBXProject "KisilerUygulamasi" */ = {
			isa = XCConfigurationList;
			buildConfigurations = (
				A4B043C52B91BADB001202F0 /* Debug */,
				A4B043C62B91BADB001202F0 /* Release */,
			);
			defaultConfigurationIsVisible = 0;
			defaultConfigurationName = Release;
		};
		A4B043C72B91BADB001202F0 /* Build configuration list for PBXNativeTarget "KisilerUygulamasi" */ = {
			isa = XCConfigurationList;
			buildConfigurations = (
				A4B043C82B91BADB001202F0 /* Debug */,
				A4B043C92B91BADB001202F0 /* Release */,
			);
			defaultConfigurationIsVisible = 0;
			defaultConfigurationName = Release;
		};
/* End XCConfigurationList section */

/* Begin XCRemoteSwiftPackageReference section */
		A48A098A2B96F9EA00B26B13 /* XCRemoteSwiftPackageReference "RxSwift" */ = {
			isa = XCRemoteSwiftPackageReference;
			repositoryURL = "https://github.com/ReactiveX/RxSwift.git";
			requirement = {
				kind = upToNextMajorVersion;
				minimumVersion = 6.6.0;
			};
		};
/* End XCRemoteSwiftPackageReference section */

/* Begin XCSwiftPackageProductDependency section */
		A48A09972B96F9EA00B26B13 /* RxSwift */ = {
			isa = XCSwiftPackageProductDependency;
			package = A48A098A2B96F9EA00B26B13 /* XCRemoteSwiftPackageReference "RxSwift" */;
			productName = RxSwift;
		};
/* End XCSwiftPackageProductDependency section */
	};
	rootObject = A4B043AB2B91BADA001202F0 /* Project object */;
}
